
Microsoft Visual Studio Solution File, Format Version 12.00
# Visual Studio Version 17
VisualStudioVersion = 17.8.34309.116
MinimumVisualStudioVersion = 10.0.40219.1
Project("{9A19103F-16F7-4668-BE54-9A1E7A4F7556}") = "Auctionieer.Api", "Auctionieer\Auctionieer.Api.csproj", "{0ACFD1BC-8D2C-457F-9621-AFB03251CC84}"
EndProject
Project("{9A19103F-16F7-4668-BE54-9A1E7A4F7556}") = "Auctionieer.Domain", "Auctionieer.Models\Auctionieer.Domain.csproj", "{048FE451-0E81-419F-B014-66C0B235FDCE}"
EndProject
Project("{9A19103F-16F7-4668-BE54-9A1E7A4F7556}") = "Auctionieer.Data", "Auctionieer.Data\Auctionieer.Data.csproj", "{D0004149-51E7-4428-B165-B63AC0510F97}"
EndProject
Project("{9A19103F-16F7-4668-BE54-9A1E7A4F7556}") = "Auctionieer.Core", "Actionieer.Core\Auctionieer.Core.csproj", "{EC617D3C-307E-48D4-92ED-17FE0144FD11}"
EndProject
Project("{9A19103F-16F7-4668-BE54-9A1E7A4F7556}") = "Auctionieer.Infrastructure", "Actionieer.Infrastructure\Auctionieer.Infrastructure.csproj", "{A84FC425-311E-4E21-A435-9C8526E46E93}"
EndProject
Project("{FAE04EC0-301F-11D3-BF4B-00C04F79EFBC}") = "SearchService", "SearchService\SearchService.csproj", "{50E57B5A-ABB9-402D-99D0-AD092B493CB4}"
EndProject
Global
	GlobalSection(SolutionConfigurationPlatforms) = preSolution
		Debug|Any CPU = Debug|Any CPU
		Release|Any CPU = Release|Any CPU
	EndGlobalSection
	GlobalSection(ProjectConfigurationPlatforms) = postSolution
		{0ACFD1BC-8D2C-457F-9621-AFB03251CC84}.Debug|Any CPU.ActiveCfg = Debug|Any CPU
		{0ACFD1BC-8D2C-457F-9621-AFB03251CC84}.Debug|Any CPU.Build.0 = Debug|Any CPU
		{0ACFD1BC-8D2C-457F-9621-AFB03251CC84}.Release|Any CPU.ActiveCfg = Release|Any CPU
		{0ACFD1BC-8D2C-457F-9621-AFB03251CC84}.Release|Any CPU.Build.0 = Release|Any CPU
		{048FE451-0E81-419F-B014-66C0B235FDCE}.Debug|Any CPU.ActiveCfg = Debug|Any CPU
		{048FE451-0E81-419F-B014-66C0B235FDCE}.Debug|Any CPU.Build.0 = Debug|Any CPU
		{048FE451-0E81-419F-B014-66C0B235FDCE}.Release|Any CPU.ActiveCfg = Release|Any CPU
		{048FE451-0E81-419F-B014-66C0B235FDCE}.Release|Any CPU.Build.0 = Release|Any CPU
		{D0004149-51E7-4428-B165-B63AC0510F97}.Debug|Any CPU.ActiveCfg = Debug|Any CPU
		{D0004149-51E7-4428-B165-B63AC0510F97}.Debug|Any CPU.Build.0 = Debug|Any CPU
		{D0004149-51E7-4428-B165-B63AC0510F97}.Release|Any CPU.ActiveCfg = Release|Any CPU
		{D0004149-51E7-4428-B165-B63AC0510F97}.Release|Any CPU.Build.0 = Release|Any CPU
		{EC617D3C-307E-48D4-92ED-17FE0144FD11}.Debug|Any CPU.ActiveCfg = Debug|Any CPU
		{EC617D3C-307E-48D4-92ED-17FE0144FD11}.Debug|Any CPU.Build.0 = Debug|Any CPU
		{EC617D3C-307E-48D4-92ED-17FE0144FD11}.Release|Any CPU.ActiveCfg = Release|Any CPU
		{EC617D3C-307E-48D4-92ED-17FE0144FD11}.Release|Any CPU.Build.0 = Release|Any CPU
		{A84FC425-311E-4E21-A435-9C8526E46E93}.Debug|Any CPU.ActiveCfg = Debug|Any CPU
		{A84FC425-311E-4E21-A435-9C8526E46E93}.Debug|Any CPU.Build.0 = Debug|Any CPU
		{A84FC425-311E-4E21-A435-9C8526E46E93}.Release|Any CPU.ActiveCfg = Release|Any CPU
		{A84FC425-311E-4E21-A435-9C8526E46E93}.Release|Any CPU.Build.0 = Release|Any CPU
		{50E57B5A-ABB9-402D-99D0-AD092B493CB4}.Debug|Any CPU.ActiveCfg = Debug|Any CPU
		{50E57B5A-ABB9-402D-99D0-AD092B493CB4}.Debug|Any CPU.Build.0 = Debug|Any CPU
		{50E57B5A-ABB9-402D-99D0-AD092B493CB4}.Release|Any CPU.ActiveCfg = Release|Any CPU
		{50E57B5A-ABB9-402D-99D0-AD092B493CB4}.Release|Any CPU.Build.0 = Release|Any CPU
	EndGlobalSection
	GlobalSection(SolutionProperties) = preSolution
		HideSolutionNode = FALSE
	EndGlobalSection
	GlobalSection(ExtensibilityGlobals) = postSolution
		SolutionGuid = {7911C67E-50DF-45CA-8EB6-01AA623149AA}
	EndGlobalSection
EndGlobal
