
Microsoft Visual Studio Solution File, Format Version 12.00
# Visual Studio Version 17
VisualStudioVersion = 17.8.34309.116
MinimumVisualStudioVersion = 10.0.40219.1
Project("{FAE04EC0-301F-11D3-BF4B-00C04F79EFBC}") = "Auctionieer", "Auctionieer\Auctionieer.csproj", "{0ACFD1BC-8D2C-457F-9621-AFB03251CC84}"
EndProject
Project("{FAE04EC0-301F-11D3-BF4B-00C04F79EFBC}") = "Auctionieer.Domain", "Auctionieer.Models\Auctionieer.Domain.csproj", "{048FE451-0E81-419F-B014-66C0B235FDCE}"
EndProject
Global
	GlobalSection(SolutionConfigurationPlatforms) = preSolution
		Debug|Any CPU = Debug|Any CPU
		Release|Any CPU = Release|Any CPU
	EndGlobalSection
	GlobalSection(ProjectConfigurationPlatforms) = postSolution
		{0ACFD1BC-8D2C-457F-9621-AFB03251CC84}.Debug|Any CPU.ActiveCfg = Debug|Any CPU
		{0ACFD1BC-8D2C-457F-9621-AFB03251CC84}.Debug|Any CPU.Build.0 = Debug|Any CPU
		{0ACFD1BC-8D2C-457F-9621-AFB03251CC84}.Release|Any CPU.ActiveCfg = Release|Any CPU
		{0ACFD1BC-8D2C-457F-9621-AFB03251CC84}.Release|Any CPU.Build.0 = Release|Any CPU
		{048FE451-0E81-419F-B014-66C0B235FDCE}.Debug|Any CPU.ActiveCfg = Debug|Any CPU
		{048FE451-0E81-419F-B014-66C0B235FDCE}.Debug|Any CPU.Build.0 = Debug|Any CPU
		{048FE451-0E81-419F-B014-66C0B235FDCE}.Release|Any CPU.ActiveCfg = Release|Any CPU
		{048FE451-0E81-419F-B014-66C0B235FDCE}.Release|Any CPU.Build.0 = Release|Any CPU
	EndGlobalSection
	GlobalSection(SolutionProperties) = preSolution
		HideSolutionNode = FALSE
	EndGlobalSection
	GlobalSection(ExtensibilityGlobals) = postSolution
		SolutionGuid = {7911C67E-50DF-45CA-8EB6-01AA623149AA}
	EndGlobalSection
EndGlobal
